// !$*UTF8*$!
{
	archiveVersion = 1;
	classes = {
	};
	objectVersion = 50;
	objects = {

/* Begin PBXBuildFile section */
		770F698C25C0C67300A07AA0 /* MapdApp.swift in Sources */ = {isa = PBXBuildFile; fileRef = 770F698B25C0C67300A07AA0 /* MapdApp.swift */; };
		770F698E25C0C67300A07AA0 /* ContentView.swift in Sources */ = {isa = PBXBuildFile; fileRef = 770F698D25C0C67300A07AA0 /* ContentView.swift */; };
		770F699025C0C67B00A07AA0 /* Assets.xcassets in Resources */ = {isa = PBXBuildFile; fileRef = 770F698F25C0C67B00A07AA0 /* Assets.xcassets */; };
		770F699325C0C67B00A07AA0 /* Preview Assets.xcassets in Resources */ = {isa = PBXBuildFile; fileRef = 770F699225C0C67B00A07AA0 /* Preview Assets.xcassets */; };
		778ACE1D25C0FF2000B44E21 /* Constants.swift in Sources */ = {isa = PBXBuildFile; fileRef = 778ACE1C25C0FF2000B44E21 /* Constants.swift */; };
		77CAA02725C1FF2A00C55B98 /* Model.swift in Sources */ = {isa = PBXBuildFile; fileRef = 77CAA02625C1FF2A00C55B98 /* Model.swift */; };
/* End PBXBuildFile section */

/* Begin PBXFileReference section */
		770F698825C0C67300A07AA0 /* Mapd.app */ = {isa = PBXFileReference; explicitFileType = wrapper.application; includeInIndex = 0; path = Mapd.app; sourceTree = BUILT_PRODUCTS_DIR; };
		770F698B25C0C67300A07AA0 /* MapdApp.swift */ = {isa = PBXFileReference; lastKnownFileType = sourcecode.swift; path = MapdApp.swift; sourceTree = "<group>"; };
		770F698D25C0C67300A07AA0 /* ContentView.swift */ = {isa = PBXFileReference; lastKnownFileType = sourcecode.swift; path = ContentView.swift; sourceTree = "<group>"; };
		770F698F25C0C67B00A07AA0 /* Assets.xcassets */ = {isa = PBXFileReference; lastKnownFileType = folder.assetcatalog; path = Assets.xcassets; sourceTree = "<group>"; };
		770F699225C0C67B00A07AA0 /* Preview Assets.xcassets */ = {isa = PBXFileReference; lastKnownFileType = folder.assetcatalog; path = "Preview Assets.xcassets"; sourceTree = "<group>"; };
		770F699425C0C67B00A07AA0 /* Info.plist */ = {isa = PBXFileReference; lastKnownFileType = text.plist.xml; path = Info.plist; sourceTree = "<group>"; };
		778ACE1C25C0FF2000B44E21 /* Constants.swift */ = {isa = PBXFileReference; lastKnownFileType = sourcecode.swift; path = Constants.swift; sourceTree = "<group>"; };
		77CAA02625C1FF2A00C55B98 /* Model.swift */ = {isa = PBXFileReference; lastKnownFileType = sourcecode.swift; path = Model.swift; sourceTree = "<group>"; };
/* End PBXFileReference section */

/* Begin PBXFrameworksBuildPhase section */
		770F698525C0C67300A07AA0 /* Frameworks */ = {
			isa = PBXFrameworksBuildPhase;
			buildActionMask = 2147483647;
			files = (
			);
			runOnlyForDeploymentPostprocessing = 0;
		};
/* End PBXFrameworksBuildPhase section */

/* Begin PBXGroup section */
		770F697F25C0C67300A07AA0 = {
			isa = PBXGroup;
			children = (
				770F698A25C0C67300A07AA0 /* Mapd */,
				770F698925C0C67300A07AA0 /* Products */,
			);
			sourceTree = "<group>";
		};
		770F698925C0C67300A07AA0 /* Products */ = {
			isa = PBXGroup;
			children = (
				770F698825C0C67300A07AA0 /* Mapd.app */,
			);
			name = Products;
			sourceTree = "<group>";
		};
		770F698A25C0C67300A07AA0 /* Mapd */ = {
			isa = PBXGroup;
			children = (
				770F698B25C0C67300A07AA0 /* MapdApp.swift */,
				770F698D25C0C67300A07AA0 /* ContentView.swift */,
				77CAA02625C1FF2A00C55B98 /* Model.swift */,
				778ACE1C25C0FF2000B44E21 /* Constants.swift */,
				770F698F25C0C67B00A07AA0 /* Assets.xcassets */,
				770F699425C0C67B00A07AA0 /* Info.plist */,
				770F699125C0C67B00A07AA0 /* Preview Content */,
			);
			path = Mapd;
			sourceTree = "<group>";
		};
		770F699125C0C67B00A07AA0 /* Preview Content */ = {
			isa = PBXGroup;
			children = (
				770F699225C0C67B00A07AA0 /* Preview Assets.xcassets */,
			);
			path = "Preview Content";
			sourceTree = "<group>";
		};
/* End PBXGroup section */

/* Begin PBXNativeTarget section */
		770F698725C0C67300A07AA0 /* Mapd */ = {
			isa = PBXNativeTarget;
			buildConfigurationList = 770F699725C0C67B00A07AA0 /* Build configuration list for PBXNativeTarget "Mapd" */;
			buildPhases = (
				770F698425C0C67300A07AA0 /* Sources */,
				770F698525C0C67300A07AA0 /* Frameworks */,
				770F698625C0C67300A07AA0 /* Resources */,
			);
			buildRules = (
			);
			dependencies = (
			);
			name = Mapd;
			packageProductDependencies = (
			);
			productName = Mapd;
			productReference = 770F698825C0C67300A07AA0 /* Mapd.app */;
			productType = "com.apple.product-type.application";
		};
/* End PBXNativeTarget section */

/* Begin PBXProject section */
		770F698025C0C67300A07AA0 /* Project object */ = {
			isa = PBXProject;
			attributes = {
				LastSwiftUpdateCheck = 1230;
				LastUpgradeCheck = 1230;
				TargetAttributes = {
					770F698725C0C67300A07AA0 = {
						CreatedOnToolsVersion = 12.3;
					};
				};
			};
			buildConfigurationList = 770F698325C0C67300A07AA0 /* Build configuration list for PBXProject "Mapd" */;
			compatibilityVersion = "Xcode 9.3";
			developmentRegion = en;
			hasScannedForEncodings = 0;
			knownRegions = (
				en,
				Base,
			);
			mainGroup = 770F697F25C0C67300A07AA0;
			packageReferences = (
			);
			productRefGroup = 770F698925C0C67300A07AA0 /* Products */;
			projectDirPath = "";
			projectRoot = "";
			targets = (
				770F698725C0C67300A07AA0 /* Mapd */,
			);
		};
/* End PBXProject section */

/* Begin PBXResourcesBuildPhase section */
		770F698625C0C67300A07AA0 /* Resources */ = {
			isa = PBXResourcesBuildPhase;
			buildActionMask = 2147483647;
			files = (
				770F699325C0C67B00A07AA0 /* Preview Assets.xcassets in Resources */,
				770F699025C0C67B00A07AA0 /* Assets.xcassets in Resources */,
			);
			runOnlyForDeploymentPostprocessing = 0;
		};
/* End PBXResourcesBuildPhase section */

/* Begin PBXSourcesBuildPhase section */
		770F698425C0C67300A07AA0 /* Sources */ = {
			isa = PBXSourcesBuildPhase;
			buildActionMask = 2147483647;
			files = (
				770F698E25C0C67300A07AA0 /* ContentView.swift in Sources */,
				770F698C25C0C67300A07AA0 /* MapdApp.swift in Sources */,
				778ACE1D25C0FF2000B44E21 /* Constants.swift in Sources */,
				77CAA02725C1FF2A00C55B98 /* Model.swift in Sources */,
			);
			runOnlyForDeploymentPostprocessing = 0;
		};
/* End PBXSourcesBuildPhase section */

/* Begin XCBuildConfiguration section */
		770F699525C0C67B00A07AA0 /* Debug */ = {
			isa = XCBuildConfiguration;
			buildSettings = {
				ALWAYS_SEARCH_USER_PATHS = NO;
				CLANG_ANALYZER_NONNULL = YES;
				CLANG_ANALYZER_NUMBER_OBJECT_CONVERSION = YES_AGGRESSIVE;
				CLANG_CXX_LANGUAGE_STANDARD = "gnu++14";
				CLANG_CXX_LIBRARY = "libc++";
				CLANG_ENABLE_MODULES = YES;
				CLANG_ENABLE_OBJC_ARC = YES;
				CLANG_ENABLE_OBJC_WEAK = YES;
				CLANG_WARN_BLOCK_CAPTURE_AUTORELEASING = YES;
				CLANG_WARN_BOOL_CONVERSION = YES;
				CLANG_WARN_COMMA = YES;
				CLANG_WARN_CONSTANT_CONVERSION = YES;
				CLANG_WARN_DEPRECATED_OBJC_IMPLEMENTATIONS = YES;
				CLANG_WARN_DIRECT_OBJC_ISA_USAGE = YES_ERROR;
				CLANG_WARN_DOCUMENTATION_COMMENTS = YES;
				CLANG_WARN_EMPTY_BODY = YES;
				CLANG_WARN_ENUM_CONVERSION = YES;
				CLANG_WARN_INFINITE_RECURSION = YES;
				CLANG_WARN_INT_CONVERSION = YES;
				CLANG_WARN_NON_LITERAL_NULL_CONVERSION = YES;
				CLANG_WARN_OBJC_IMPLICIT_RETAIN_SELF = YES;
				CLANG_WARN_OBJC_LITERAL_CONVERSION = YES;
				CLANG_WARN_OBJC_ROOT_CLASS = YES_ERROR;
				CLANG_WARN_QUOTED_INCLUDE_IN_FRAMEWORK_HEADER = YES;
				CLANG_WARN_RANGE_LOOP_ANALYSIS = YES;
				CLANG_WARN_STRICT_PROTOTYPES = YES;
				CLANG_WARN_SUSPICIOUS_MOVE = YES;
				CLANG_WARN_UNGUARDED_AVAILABILITY = YES_AGGRESSIVE;
				CLANG_WARN_UNREACHABLE_CODE = YES;
				CLANG_WARN__DUPLICATE_METHOD_MATCH = YES;
				COPY_PHASE_STRIP = NO;
				DEBUG_INFORMATION_FORMAT = dwarf;
				ENABLE_STRICT_OBJC_MSGSEND = YES;
				ENABLE_TESTABILITY = YES;
				GCC_C_LANGUAGE_STANDARD = gnu11;
				GCC_DYNAMIC_NO_PIC = NO;
				GCC_NO_COMMON_BLOCKS = YES;
				GCC_OPTIMIZATION_LEVEL = 0;
				GCC_PREPROCESSOR_DEFINITIONS = (
					"DEBUG=1",
					"$(inherited)",
				);
				GCC_WARN_64_TO_32_BIT_CONVERSION = YES;
				GCC_WARN_ABOUT_RETURN_TYPE = YES_ERROR;
				GCC_WARN_UNDECLARED_SELECTOR = YES;
				GCC_WARN_UNINITIALIZED_AUTOS = YES_AGGRESSIVE;
				GCC_WARN_UNUSED_FUNCTION = YES;
				GCC_WARN_UNUSED_VARIABLE = YES;
				IPHONEOS_DEPLOYMENT_TARGET = 14.3;
				MTL_ENABLE_DEBUG_INFO = INCLUDE_SOURCE;
				MTL_FAST_MATH = YES;
				ONLY_ACTIVE_ARCH = YES;
				SDKROOT = iphoneos;
				SWIFT_ACTIVE_COMPILATION_CONDITIONS = DEBUG;
				SWIFT_OPTIMIZATION_LEVEL = "-Onone";
			};
			name = Debug;
		};
		770F699625C0C67B00A07AA0 /* Release */ = {
			isa = XCBuildConfiguration;
			buildSettings = {
				ALWAYS_SEARCH_USER_PATHS = NO;
				CLANG_ANALYZER_NONNULL = YES;
				CLANG_ANALYZER_NUMBER_OBJECT_CONVERSION = YES_AGGRESSIVE;
				CLANG_CXX_LANGUAGE_STANDARD = "gnu++14";
				CLANG_CXX_LIBRARY = "libc++";
				CLANG_ENABLE_MODULES = YES;
				CLANG_ENABLE_OBJC_ARC = YES;
				CLANG_ENABLE_OBJC_WEAK = YES;
				CLANG_WARN_BLOCK_CAPTURE_AUTORELEASING = YES;
				CLANG_WARN_BOOL_CONVERSION = YES;
				CLANG_WARN_COMMA = YES;
				CLANG_WARN_CONSTANT_CONVERSION = YES;
				CLANG_WARN_DEPRECATED_OBJC_IMPLEMENTATIONS = YES;
				CLANG_WARN_DIRECT_OBJC_ISA_USAGE = YES_ERROR;
				CLANG_WARN_DOCUMENTATION_COMMENTS = YES;
				CLANG_WARN_EMPTY_BODY = YES;
				CLANG_WARN_ENUM_CONVERSION = YES;
				CLANG_WARN_INFINITE_RECURSION = YES;
				CLANG_WARN_INT_CONVERSION = YES;
				CLANG_WARN_NON_LITERAL_NULL_CONVERSION = YES;
				CLANG_WARN_OBJC_IMPLICIT_RETAIN_SELF = YES;
				CLANG_WARN_OBJC_LITERAL_CONVERSION = YES;
				CLANG_WARN_OBJC_ROOT_CLASS = YES_ERROR;
				CLANG_WARN_QUOTED_INCLUDE_IN_FRAMEWORK_HEADER = YES;
				CLANG_WARN_RANGE_LOOP_ANALYSIS = YES;
				CLANG_WARN_STRICT_PROTOTYPES = YES;
				CLANG_WARN_SUSPICIOUS_MOVE = YES;
				CLANG_WARN_UNGUARDED_AVAILABILITY = YES_AGGRESSIVE;
				CLANG_WARN_UNREACHABLE_CODE = YES;
				CLANG_WARN__DUPLICATE_METHOD_MATCH = YES;
				COPY_PHASE_STRIP = NO;
				DEBUG_INFORMATION_FORMAT = "dwarf-with-dsym";
				ENABLE_NS_ASSERTIONS = NO;
				ENABLE_STRICT_OBJC_MSGSEND = YES;
				GCC_C_LANGUAGE_STANDARD = gnu11;
				GCC_NO_COMMON_BLOCKS = YES;
				GCC_WARN_64_TO_32_BIT_CONVERSION = YES;
				GCC_WARN_ABOUT_RETURN_TYPE = YES_ERROR;
				GCC_WARN_UNDECLARED_SELECTOR = YES;
				GCC_WARN_UNINITIALIZED_AUTOS = YES_AGGRESSIVE;
				GCC_WARN_UNUSED_FUNCTION = YES;
				GCC_WARN_UNUSED_VARIABLE = YES;
				IPHONEOS_DEPLOYMENT_TARGET = 14.3;
				MTL_ENABLE_DEBUG_INFO = NO;
				MTL_FAST_MATH = YES;
				SDKROOT = iphoneos;
				SWIFT_COMPILATION_MODE = wholemodule;
				SWIFT_OPTIMIZATION_LEVEL = "-O";
				VALIDATE_PRODUCT = YES;
			};
			name = Release;
		};
		770F699825C0C67B00A07AA0 /* Debug */ = {
			isa = XCBuildConfiguration;
			buildSettings = {
				ASSETCATALOG_COMPILER_APPICON_NAME = AppIcon;
				ASSETCATALOG_COMPILER_GLOBAL_ACCENT_COLOR_NAME = AccentColor;
				CODE_SIGN_STYLE = Automatic;
				DEVELOPMENT_ASSET_PATHS = "\"Mapd/Preview Content\"";
				DEVELOPMENT_TEAM = 2MP8QWK7R6;
				ENABLE_PREVIEWS = YES;
				INFOPLIST_FILE = Mapd/Info.plist;
				IPHONEOS_DEPLOYMENT_TARGET = 14.0;
				LD_RUNPATH_SEARCH_PATHS = (
					"$(inherited)",
					"@executable_path/Frameworks",
				);
				PRODUCT_BUNDLE_IDENTIFIER = aft.Mapd;
				PRODUCT_NAME = "$(TARGET_NAME)";
				SWIFT_VERSION = 5.0;
				TARGETED_DEVICE_FAMILY = "1,2";
			};
			name = Debug;
		};
		770F699925C0C67B00A07AA0 /* Release */ = {
			isa = XCBuildConfiguration;
			buildSettings = {
				ASSETCATALOG_COMPILER_APPICON_NAME = AppIcon;
				ASSETCATALOG_COMPILER_GLOBAL_ACCENT_COLOR_NAME = AccentColor;
				CODE_SIGN_STYLE = Automatic;
				DEVELOPMENT_ASSET_PATHS = "\"Mapd/Preview Content\"";
				DEVELOPMENT_TEAM = 2MP8QWK7R6;
				ENABLE_PREVIEWS = YES;
				INFOPLIST_FILE = Mapd/Info.plist;
				IPHONEOS_DEPLOYMENT_TARGET = 14.0;
				LD_RUNPATH_SEARCH_PATHS = (
					"$(inherited)",
					"@executable_path/Frameworks",
				);
				PRODUCT_BUNDLE_IDENTIFIER = aft.Mapd;
				PRODUCT_NAME = "$(TARGET_NAME)";
				SWIFT_VERSION = 5.0;
				TARGETED_DEVICE_FAMILY = "1,2";
			};
			name = Release;
		};
/* End XCBuildConfiguration section */

/* Begin XCConfigurationList section */
		770F698325C0C67300A07AA0 /* Build configuration list for PBXProject "Mapd" */ = {
			isa = XCConfigurationList;
			buildConfigurations = (
				770F699525C0C67B00A07AA0 /* Debug */,
				770F699625C0C67B00A07AA0 /* Release */,
			);
			defaultConfigurationIsVisible = 0;
			defaultConfigurationName = Release;
		};
		770F699725C0C67B00A07AA0 /* Build configuration list for PBXNativeTarget "Mapd" */ = {
			isa = XCConfigurationList;
			buildConfigurations = (
				770F699825C0C67B00A07AA0 /* Debug */,
				770F699925C0C67B00A07AA0 /* Release */,
			);
			defaultConfigurationIsVisible = 0;
			defaultConfigurationName = Release;
		};
/* End XCConfigurationList section */
	};
	rootObject = 770F698025C0C67300A07AA0 /* Project object */;
}
